
Microsoft Visual Studio Solution File, Format Version 12.00
# Visual Studio 14
VisualStudioVersion = 14.0.25420.1
MinimumVisualStudioVersion = 10.0.40219.1
Project("{54435603-DBB4-11D2-8724-00A0C9A8B90C}") = "Installer", "Installer\Installer.vdproj", "{2E7F52D4-D151-4542-B735-A2B8354CF726}"
EndProject
Project("{FAE04EC0-301F-11D3-BF4B-00C04F79EFBC}") = "ColeCast", "ColeCast\ColeCast.csproj", "{D967327A-0D47-4907-8F65-17FD969F3938}"
EndProject
Global
	GlobalSection(SolutionConfigurationPlatforms) = preSolution
		Debug|Any CPU = Debug|Any CPU
		Release|Any CPU = Release|Any CPU
	EndGlobalSection
	GlobalSection(ProjectConfigurationPlatforms) = postSolution
		{2E7F52D4-D151-4542-B735-A2B8354CF726}.Debug|Any CPU.ActiveCfg = Debug
		{2E7F52D4-D151-4542-B735-A2B8354CF726}.Release|Any CPU.ActiveCfg = Release
		{D967327A-0D47-4907-8F65-17FD969F3938}.Debug|Any CPU.ActiveCfg = Debug|Any CPU
		{D967327A-0D47-4907-8F65-17FD969F3938}.Debug|Any CPU.Build.0 = Debug|Any CPU
		{D967327A-0D47-4907-8F65-17FD969F3938}.Release|Any CPU.ActiveCfg = Release|Any CPU
		{D967327A-0D47-4907-8F65-17FD969F3938}.Release|Any CPU.Build.0 = Release|Any CPU
	EndGlobalSection
	GlobalSection(SolutionProperties) = preSolution
		HideSolutionNode = FALSE
	EndGlobalSection
EndGlobal
